
Microsoft Visual Studio Solution File, Format Version 12.00
# Visual Studio Version 16
VisualStudioVersion = 16.0.30717.126
MinimumVisualStudioVersion = 10.0.40219.1
Project("{9A19103F-16F7-4668-BE54-9A1E7A4F7556}") = "Recipe Pi", "Recipe Pi\Recipe Pi.csproj", "{00C5DE3B-5C22-4CDD-B600-8FF455A2CC7D}"
EndProject
Global
	GlobalSection(SolutionConfigurationPlatforms) = preSolution
		Debug|Any CPU = Debug|Any CPU
		Release|Any CPU = Release|Any CPU
	EndGlobalSection
	GlobalSection(ProjectConfigurationPlatforms) = postSolution
		{00C5DE3B-5C22-4CDD-B600-8FF455A2CC7D}.Debug|Any CPU.ActiveCfg = Debug|Any CPU
		{00C5DE3B-5C22-4CDD-B600-8FF455A2CC7D}.Debug|Any CPU.Build.0 = Debug|Any CPU
		{00C5DE3B-5C22-4CDD-B600-8FF455A2CC7D}.Release|Any CPU.ActiveCfg = Release|Any CPU
		{00C5DE3B-5C22-4CDD-B600-8FF455A2CC7D}.Release|Any CPU.Build.0 = Release|Any CPU
	EndGlobalSection
	GlobalSection(SolutionProperties) = preSolution
		HideSolutionNode = FALSE
	EndGlobalSection
	GlobalSection(ExtensibilityGlobals) = postSolution
		SolutionGuid = {B7EB23C4-F829-446A-AF34-BD3C9195887D}
	EndGlobalSection
EndGlobal
